
Microsoft Visual Studio Solution File, Format Version 12.00
# Visual Studio 15
VisualStudioVersion = 15.0.28010.2041
MinimumVisualStudioVersion = 10.0.40219.1
Project("{FAE04EC0-301F-11D3-BF4B-00C04F79EFBC}") = "ProgramacionAsincrona.NET", "ProgramacionAsincrona.NET\ProgramacionAsincrona.NET.csproj", "{793F3A23-FF99-4907-B5F6-F3A6294B42E0}"
EndProject
Global
	GlobalSection(SolutionConfigurationPlatforms) = preSolution
		Debug|Any CPU = Debug|Any CPU
		Release|Any CPU = Release|Any CPU
	EndGlobalSection
	GlobalSection(ProjectConfigurationPlatforms) = postSolution
		{793F3A23-FF99-4907-B5F6-F3A6294B42E0}.Debug|Any CPU.ActiveCfg = Debug|Any CPU
		{793F3A23-FF99-4907-B5F6-F3A6294B42E0}.Debug|Any CPU.Build.0 = Debug|Any CPU
		{793F3A23-FF99-4907-B5F6-F3A6294B42E0}.Release|Any CPU.ActiveCfg = Release|Any CPU
		{793F3A23-FF99-4907-B5F6-F3A6294B42E0}.Release|Any CPU.Build.0 = Release|Any CPU
	EndGlobalSection
	GlobalSection(SolutionProperties) = preSolution
		HideSolutionNode = FALSE
	EndGlobalSection
	GlobalSection(ExtensibilityGlobals) = postSolution
		SolutionGuid = {77038C2F-E8F8-4AE9-98E1-DD844B8270F7}
	EndGlobalSection
EndGlobal
